# THIS IS AN AUTOGENERATED FILE. DO NOT EDIT THIS FILE DIRECTLY.
# yarn lockfile v1


"@types/node@^11.13.4":
  version "11.13.4"
  resolved "http://registry.npm.taobao.org/@types/node/download/@types/node-11.13.4.tgz#f83ec3c3e05b174b7241fadeb6688267fe5b22ca"
  integrity sha1-+D7Dw+BbF0tyQfretmiCZ/5bIso=
