# THIS IS AN AUTOGENERATED FILE. DO NOT EDIT THIS FILE DIRECTLY.
# yarn lockfile v1


"@types/node@^11.13.4":
  version "11.13.6"
  resolved "http://registry.npm.taobao.org/@types/node/download/@types/node-11.13.6.tgz#37ec75690830acb0d74ce3c6c43caab787081e85"
  integrity sha1-N+x1aQgwrLDXTOPGxDyqt4cIHoU=

reflect-metadata@^0.1.13:
  version "0.1.13"
  resolved "http://registry.npm.taobao.org/reflect-metadata/download/reflect-metadata-0.1.13.tgz#67ae3ca57c972a2aa1642b10fe363fe32d49dc08"
  integrity sha1-Z648pXyXKiqhZCsQ/jY/4y1J3Ag=
